
Microsoft Visual Studio Solution File, Format Version 12.00
# Visual Studio 15
VisualStudioVersion = 15.0.28010.2003
MinimumVisualStudioVersion = 10.0.40219.1
Project("{9A19103F-16F7-4668-BE54-9A1E7A4F7556}") = "ClientMicroService", "ClientMicroService.csproj", "{FEBF0F92-A9C8-40A9-B275-89EAD13A843C}"
EndProject
Global
	GlobalSection(SolutionConfigurationPlatforms) = preSolution
		Debug|Any CPU = Debug|Any CPU
		Release|Any CPU = Release|Any CPU
	EndGlobalSection
	GlobalSection(ProjectConfigurationPlatforms) = postSolution
		{FEBF0F92-A9C8-40A9-B275-89EAD13A843C}.Debug|Any CPU.ActiveCfg = Debug|Any CPU
		{FEBF0F92-A9C8-40A9-B275-89EAD13A843C}.Debug|Any CPU.Build.0 = Debug|Any CPU
		{FEBF0F92-A9C8-40A9-B275-89EAD13A843C}.Release|Any CPU.ActiveCfg = Release|Any CPU
		{FEBF0F92-A9C8-40A9-B275-89EAD13A843C}.Release|Any CPU.Build.0 = Release|Any CPU
	EndGlobalSection
	GlobalSection(SolutionProperties) = preSolution
		HideSolutionNode = FALSE
	EndGlobalSection
	GlobalSection(ExtensibilityGlobals) = postSolution
		SolutionGuid = {1175A937-F475-4901-B40B-AF51409844ED}
	EndGlobalSection
EndGlobal
